{
  "nodes": {
    "codex-nixpkgs": {
      "locked": {
        "lastModified": 1788629334,
        "narHash": "sha256-25Y1nj1b9GphJkjdNJIgxhzQqDyy5eXFTGvAiHLHo0A=",
        "owner": "NixOS",
        "repo": "nixpkgs",
        "rev": "a896b510a0794f7bae5640bdb7412b60b0c5e5eb",
        "type": "github"
      },
      "original": {
        "owner": "NixOS",
        "ref": "master",
        "repo": "nixpkgs",
        "type": "github"
      }
    },
    "herdr": {
      "inputs": {
        "nixpkgs": [
          "nixpkgs"
        ],
        "rust-overlay": "rust-overlay"
      },
      "locked": {
        "lastModified": 1787161794,
        "narHash": "sha256-sEGIN3dLZasaHob3EHscWBCIQHflMQVchYmzgsETDk4=",
        "owner": "herdrdev",
        "repo": "herdr",
        "rev": "9eb521456ac0d19d3ab3d9d7cea3cca10baa8a4c",
        "type": "github"
      },
      "original": {
        "owner": "herdrdev",
        "ref": "v0.8.2",
        "repo": "herdr",
        "type": "github"
      }
    },
    "home-manager": {
      "inputs": {
        "nixpkgs": [
          "nixpkgs"
        ]
      },
      "locked": {
        "lastModified": 1787379775,
        "narHash": "sha256-XL2qfqmocfsvuEGyomZg4nOZfkuSe8vZtrOX99I+b6I=",
        "owner": "nix-community",
        "repo": "home-manager",
        "rev": "ec1a8fdf74ed3f276148ee106299a2ba0e65d51f",
        "type": "github"
      },
      "original": {
        "owner": "nix-community",
        "repo": "home-manager",
        "type": "github"
      }
    },
    "nixpkgs": {
      "locked": {
        "lastModified": 1787360063,
        "narHash": "sha256-dt4WdcvsA8/RCe+VZZwqU0X+XMM3wBbGCWA0/sFWzGo=",
        "owner": "NixOS",
        "repo": "nixpkgs",
        "rev": "2c423e03bbafcff28bfadc6781a4a8257f205cb5",
        "type": "github"
      },
      "original": {
        "owner": "NixOS",
        "ref": "nixos-unstable",
        "repo": "nixpkgs",
        "type": "github"
      }
    },
    "noctalia": {
      "inputs": {
        "nixpkgs": [
          "nixpkgs"
        ]
      },
      "locked": {
        "lastModified": 1787234716,
        "narHash": "sha256-O07tHqxugZ/XE/90kx/UCZ0YCbHSI88v2ct2ezuCKi4=",
        "owner": "noctalia-dev",
        "repo": "noctalia",
        "rev": "a064c063f204518619b8c032c944138a0349966b",
        "type": "github"
      },
      "original": {
        "owner": "noctalia-dev",
        "ref": "v5.0.0-beta.9",
        "repo": "noctalia",
        "type": "github"
      }
    },
    "nub": {
      "inputs": {
        "nixpkgs": [
          "nixpkgs"
        ]
      },
      "locked": {
        "lastModified": 1786294713,
        "narHash": "sha256-UIG0O7LyLJTfSFIKnb6XUKrtLMFXxZ1c86NfFaHQOxc=",
        "owner": "nubjs",
        "repo": "nub",
        "rev": "c25c1b308d1719a1c07b0dfeea5a9a36d7f5da79",
        "type": "github"
      },
      "original": {
        "owner": "nubjs",
        "ref": "v0.7.5",
        "repo": "nub",
        "type": "github"
      }
    },
    "root": {
      "inputs": {
        "codex-nixpkgs": "codex-nixpkgs",
        "herdr": "herdr",
        "home-manager": "home-manager",
        "nixpkgs": "nixpkgs",
        "noctalia": "noctalia",
        "nub": "nub",
        "sops-nix": "sops-nix",
        "throne-nixpkgs": "throne-nixpkgs"
      }
    },
    "rust-overlay": {
      "inputs": {
        "nixpkgs": [
          "herdr",
          "nixpkgs"
        ]
      },
      "locked": {
        "lastModified": 1783577481,
        "narHash": "sha256-EWMxOWrJ031f8f/lrcEmhTRs4npw1/5N3Hcjin846c8=",
        "owner": "oxalica",
        "repo": "rust-overlay",
        "rev": "4cdea398dc491b082dccdce0fad1ed0b75fa3394",
        "type": "github"
      },
      "original": {
        "owner": "oxalica",
        "repo": "rust-overlay",
        "type": "github"
      }
    },
    "sops-nix": {
      "inputs": {
        "nixpkgs": [
          "nixpkgs"
        ]
      },
      "locked": {
        "lastModified": 1786629091,
        "narHash": "sha256-gkig4nPi1CWc4Z50GBsjE4ygSE7hMpl/TwID2an2Cck=",
        "owner": "Mic92",
        "repo": "sops-nix",
        "rev": "a8627b21b9107c5711c96b84f32a9a4b3d45295f",
        "type": "github"
      },
      "original": {
        "owner": "Mic92",
        "repo": "sops-nix",
        "type": "github"
      }
    },
    "throne-nixpkgs": {
      "flake": false,
      "locked": {
        "lastModified": 1785413906,
        "narHash": "sha256-ZWAmBDz9MKCOHHWrT5G0aPniyfIlvCa2Y9Npy5J7IZ0=",
        "owner": "TomaSajt",
        "repo": "nixpkgs",
        "rev": "0cbdc25b4df6051689052125cb550485f09dfb59",
        "type": "github"
      },
      "original": {
        "owner": "TomaSajt",
        "repo": "nixpkgs",
        "rev": "0cbdc25b4df6051689052125cb550485f09dfb59",
        "type": "github"
      }
    }
  },
  "root": "root",
  "version": 7
}
