{
  "nodes": {
    "codex-nixpkgs": {
      "locked": {
        "lastModified": 1785318670,
        "narHash": "sha256-dN6Ou5x/+23FZLEpYP3IffO+NyJFzUlGumt1uu3MMaY=",
        "owner": "NixOS",
        "repo": "nixpkgs",
        "rev": "0954f7ee2f6bb3dc7d4e3d0d8bcb8fd4bde4cfc5",
        "type": "github"
      },
      "original": {
        "owner": "NixOS",
        "ref": "nixos-unstable",
        "repo": "nixpkgs",
        "type": "github"
      }
    },
    "herdr": {
      "inputs": {
        "nixpkgs": [
          "nixpkgs"
        ],
        "rust-overlay": "rust-overlay"
      },
      "locked": {
        "lastModified": 1785783176,
        "narHash": "sha256-empFQ+hrnCh2JhOzQRWSCLV0YoZC3DXW3bY6k8YuJjk=",
        "owner": "herdrdev",
        "repo": "herdr",
        "rev": "346411fa21afd297f5ed3b3fa56f9e3fbf7654b7",
        "type": "github"
      },
      "original": {
        "owner": "herdrdev",
        "ref": "v0.8.0",
        "repo": "herdr",
        "type": "github"
      }
    },
    "home-manager": {
      "inputs": {
        "nixpkgs": [
          "nixpkgs"
        ]
      },
      "locked": {
        "lastModified": 1785496534,
        "narHash": "sha256-EASdusMYLuPhOCrE3LmsAGOvGhX3vnKBLxFvj9lI8tU=",
        "owner": "nix-community",
        "repo": "home-manager",
        "rev": "e8827fbbb12015a8dd9f66285aec79d655bcb9f6",
        "type": "github"
      },
      "original": {
        "owner": "nix-community",
        "repo": "home-manager",
        "type": "github"
      }
    },
    "nixpkgs": {
      "locked": {
        "lastModified": 1785454630,
        "narHash": "sha256-LQy14TZp77TwbQf40gg1V3jo8FwJG0jGDkAH+zRHqg8=",
        "owner": "NixOS",
        "repo": "nixpkgs",
        "rev": "1559d3daa3ecc813a650b79375ea61b6741b8746",
        "type": "github"
      },
      "original": {
        "owner": "NixOS",
        "ref": "nixos-unstable",
        "repo": "nixpkgs",
        "type": "github"
      }
    },
    "noctalia": {
      "inputs": {
        "nixpkgs": [
          "nixpkgs"
        ]
      },
      "locked": {
        "lastModified": 1785444393,
        "narHash": "sha256-9RlJNIy2DFVm9SB2vwGEBsbHc1r3dIB+K+b+nd6Bdho=",
        "owner": "noctalia-dev",
        "repo": "noctalia",
        "rev": "c366a35ffc30b011d03fcd122bbe7d22f932fc57",
        "type": "github"
      },
      "original": {
        "owner": "noctalia-dev",
        "ref": "v5.0.0-beta.7",
        "repo": "noctalia",
        "type": "github"
      }
    },
    "nub": {
      "inputs": {
        "nixpkgs": [
          "nixpkgs"
        ]
      },
      "locked": {
        "lastModified": 1785946716,
        "narHash": "sha256-5Smub4KusGDoKTQqgEYo6LDVM8HtrIx65YUXlAyFRSA=",
        "owner": "nubjs",
        "repo": "nub",
        "rev": "ad7ff6eb3e6200027ad510b5cfc6178a511a230f",
        "type": "github"
      },
      "original": {
        "owner": "nubjs",
        "ref": "v0.7.1",
        "repo": "nub",
        "type": "github"
      }
    },
    "root": {
      "inputs": {
        "codex-nixpkgs": "codex-nixpkgs",
        "herdr": "herdr",
        "home-manager": "home-manager",
        "nixpkgs": "nixpkgs",
        "noctalia": "noctalia",
        "nub": "nub",
        "throne-nixpkgs": "throne-nixpkgs"
      }
    },
    "rust-overlay": {
      "inputs": {
        "nixpkgs": [
          "herdr",
          "nixpkgs"
        ]
      },
      "locked": {
        "lastModified": 1783577481,
        "narHash": "sha256-EWMxOWrJ031f8f/lrcEmhTRs4npw1/5N3Hcjin846c8=",
        "owner": "oxalica",
        "repo": "rust-overlay",
        "rev": "4cdea398dc491b082dccdce0fad1ed0b75fa3394",
        "type": "github"
      },
      "original": {
        "owner": "oxalica",
        "repo": "rust-overlay",
        "type": "github"
      }
    },
    "throne-nixpkgs": {
      "flake": false,
      "locked": {
        "lastModified": 1785413906,
        "narHash": "sha256-ZWAmBDz9MKCOHHWrT5G0aPniyfIlvCa2Y9Npy5J7IZ0=",
        "owner": "TomaSajt",
        "repo": "nixpkgs",
        "rev": "0cbdc25b4df6051689052125cb550485f09dfb59",
        "type": "github"
      },
      "original": {
        "owner": "TomaSajt",
        "repo": "nixpkgs",
        "rev": "0cbdc25b4df6051689052125cb550485f09dfb59",
        "type": "github"
      }
    }
  },
  "root": "root",
  "version": 7
}
